
Microsoft Visual Studio Solution File, Format Version 12.00
# Visual Studio Version 17
VisualStudioVersion = 17.11.35312.102
MinimumVisualStudioVersion = 10.0.40219.1
Project("{8BC9CEB8-8B4A-11D0-8D11-00A0C91BC942}") = "Task1", "Task1\Task1.vcxproj", "{41FE951E-29D9-49C4-BF1F-40B583FC0D10}"
EndProject
Project("{8BC9CEB8-8B4A-11D0-8D11-00A0C91BC942}") = "Task2", "Task2\Task2.vcxproj", "{4FFF53F0-EA4C-4E7D-9BEB-F91BC3BA0328}"
EndProject
Project("{8BC9CEB8-8B4A-11D0-8D11-00A0C91BC942}") = "Task3", "Task3\Task3.vcxproj", "{B69E328D-227E-48FB-AAF1-B98ACF5199CF}"
EndProject
Project("{8BC9CEB8-8B4A-11D0-8D11-00A0C91BC942}") = "Task4", "Task4\Task4.vcxproj", "{F6BD97EC-3C56-4673-A043-2C7940E677D0}"
EndProject
Project("{8BC9CEB8-8B4A-11D0-8D11-00A0C91BC942}") = "Task5", "Task5\Task5.vcxproj", "{A78D42DD-F2DD-4A8F-B3E0-D73B2FDC989E}"
EndProject
Project("{8BC9CEB8-8B4A-11D0-8D11-00A0C91BC942}") = "Task7", "Task7\Task7.vcxproj", "{E3035C31-9633-4BBA-827A-79052C7E0649}"
EndProject
Project("{8BC9CEB8-8B4A-11D0-8D11-00A0C91BC942}") = "Task6", "Task6\Task6.vcxproj", "{2F5F0769-6189-48AA-9EC4-209BEC4D25BD}"
EndProject
Project("{8BC9CEB8-8B4A-11D0-8D11-00A0C91BC942}") = "Task8", "Task8\Task8.vcxproj", "{210033F4-32A8-4CED-8D40-0509AE09F636}"
EndProject
Project("{8BC9CEB8-8B4A-11D0-8D11-00A0C91BC942}") = "Task9", "Task9\Task9.vcxproj", "{0778AA6E-F093-4E05-8EA4-7A5857D38E3E}"
EndProject
Project("{8BC9CEB8-8B4A-11D0-8D11-00A0C91BC942}") = "Task10", "Task10\Task10.vcxproj", "{31C29EC8-6A63-4D85-800D-52F671EDACB5}"
EndProject
Global
	GlobalSection(SolutionConfigurationPlatforms) = preSolution
		Debug|x64 = Debug|x64
		Debug|x86 = Debug|x86
		Release|x64 = Release|x64
		Release|x86 = Release|x86
	EndGlobalSection
	GlobalSection(ProjectConfigurationPlatforms) = postSolution
		{41FE951E-29D9-49C4-BF1F-40B583FC0D10}.Debug|x64.ActiveCfg = Debug|x64
		{41FE951E-29D9-49C4-BF1F-40B583FC0D10}.Debug|x64.Build.0 = Debug|x64
		{41FE951E-29D9-49C4-BF1F-40B583FC0D10}.Debug|x86.ActiveCfg = Debug|Win32
		{41FE951E-29D9-49C4-BF1F-40B583FC0D10}.Debug|x86.Build.0 = Debug|Win32
		{41FE951E-29D9-49C4-BF1F-40B583FC0D10}.Release|x64.ActiveCfg = Release|x64
		{41FE951E-29D9-49C4-BF1F-40B583FC0D10}.Release|x64.Build.0 = Release|x64
		{41FE951E-29D9-49C4-BF1F-40B583FC0D10}.Release|x86.ActiveCfg = Release|Win32
		{41FE951E-29D9-49C4-BF1F-40B583FC0D10}.Release|x86.Build.0 = Release|Win32
		{4FFF53F0-EA4C-4E7D-9BEB-F91BC3BA0328}.Debug|x64.ActiveCfg = Debug|x64
		{4FFF53F0-EA4C-4E7D-9BEB-F91BC3BA0328}.Debug|x64.Build.0 = Debug|x64
		{4FFF53F0-EA4C-4E7D-9BEB-F91BC3BA0328}.Debug|x86.ActiveCfg = Debug|Win32
		{4FFF53F0-EA4C-4E7D-9BEB-F91BC3BA0328}.Debug|x86.Build.0 = Debug|Win32
		{4FFF53F0-EA4C-4E7D-9BEB-F91BC3BA0328}.Release|x64.ActiveCfg = Release|x64
		{4FFF53F0-EA4C-4E7D-9BEB-F91BC3BA0328}.Release|x64.Build.0 = Release|x64
		{4FFF53F0-EA4C-4E7D-9BEB-F91BC3BA0328}.Release|x86.ActiveCfg = Release|Win32
		{4FFF53F0-EA4C-4E7D-9BEB-F91BC3BA0328}.Release|x86.Build.0 = Release|Win32
		{B69E328D-227E-48FB-AAF1-B98ACF5199CF}.Debug|x64.ActiveCfg = Debug|x64
		{B69E328D-227E-48FB-AAF1-B98ACF5199CF}.Debug|x64.Build.0 = Debug|x64
		{B69E328D-227E-48FB-AAF1-B98ACF5199CF}.Debug|x86.ActiveCfg = Debug|Win32
		{B69E328D-227E-48FB-AAF1-B98ACF5199CF}.Debug|x86.Build.0 = Debug|Win32
		{B69E328D-227E-48FB-AAF1-B98ACF5199CF}.Release|x64.ActiveCfg = Release|x64
		{B69E328D-227E-48FB-AAF1-B98ACF5199CF}.Release|x64.Build.0 = Release|x64
		{B69E328D-227E-48FB-AAF1-B98ACF5199CF}.Release|x86.ActiveCfg = Release|Win32
		{B69E328D-227E-48FB-AAF1-B98ACF5199CF}.Release|x86.Build.0 = Release|Win32
		{F6BD97EC-3C56-4673-A043-2C7940E677D0}.Debug|x64.ActiveCfg = Debug|x64
		{F6BD97EC-3C56-4673-A043-2C7940E677D0}.Debug|x64.Build.0 = Debug|x64
		{F6BD97EC-3C56-4673-A043-2C7940E677D0}.Debug|x86.ActiveCfg = Debug|Win32
		{F6BD97EC-3C56-4673-A043-2C7940E677D0}.Debug|x86.Build.0 = Debug|Win32
		{F6BD97EC-3C56-4673-A043-2C7940E677D0}.Release|x64.ActiveCfg = Release|x64
		{F6BD97EC-3C56-4673-A043-2C7940E677D0}.Release|x64.Build.0 = Release|x64
		{F6BD97EC-3C56-4673-A043-2C7940E677D0}.Release|x86.ActiveCfg = Release|Win32
		{F6BD97EC-3C56-4673-A043-2C7940E677D0}.Release|x86.Build.0 = Release|Win32
		{A78D42DD-F2DD-4A8F-B3E0-D73B2FDC989E}.Debug|x64.ActiveCfg = Debug|x64
		{A78D42DD-F2DD-4A8F-B3E0-D73B2FDC989E}.Debug|x64.Build.0 = Debug|x64
		{A78D42DD-F2DD-4A8F-B3E0-D73B2FDC989E}.Debug|x86.ActiveCfg = Debug|Win32
		{A78D42DD-F2DD-4A8F-B3E0-D73B2FDC989E}.Debug|x86.Build.0 = Debug|Win32
		{A78D42DD-F2DD-4A8F-B3E0-D73B2FDC989E}.Release|x64.ActiveCfg = Release|x64
		{A78D42DD-F2DD-4A8F-B3E0-D73B2FDC989E}.Release|x64.Build.0 = Release|x64
		{A78D42DD-F2DD-4A8F-B3E0-D73B2FDC989E}.Release|x86.ActiveCfg = Release|Win32
		{A78D42DD-F2DD-4A8F-B3E0-D73B2FDC989E}.Release|x86.Build.0 = Release|Win32
		{E3035C31-9633-4BBA-827A-79052C7E0649}.Debug|x64.ActiveCfg = Debug|x64
		{E3035C31-9633-4BBA-827A-79052C7E0649}.Debug|x64.Build.0 = Debug|x64
		{E3035C31-9633-4BBA-827A-79052C7E0649}.Debug|x86.ActiveCfg = Debug|Win32
		{E3035C31-9633-4BBA-827A-79052C7E0649}.Debug|x86.Build.0 = Debug|Win32
		{E3035C31-9633-4BBA-827A-79052C7E0649}.Release|x64.ActiveCfg = Release|x64
		{E3035C31-9633-4BBA-827A-79052C7E0649}.Release|x64.Build.0 = Release|x64
		{E3035C31-9633-4BBA-827A-79052C7E0649}.Release|x86.ActiveCfg = Release|Win32
		{E3035C31-9633-4BBA-827A-79052C7E0649}.Release|x86.Build.0 = Release|Win32
		{2F5F0769-6189-48AA-9EC4-209BEC4D25BD}.Debug|x64.ActiveCfg = Debug|x64
		{2F5F0769-6189-48AA-9EC4-209BEC4D25BD}.Debug|x64.Build.0 = Debug|x64
		{2F5F0769-6189-48AA-9EC4-209BEC4D25BD}.Debug|x86.ActiveCfg = Debug|Win32
		{2F5F0769-6189-48AA-9EC4-209BEC4D25BD}.Debug|x86.Build.0 = Debug|Win32
		{2F5F0769-6189-48AA-9EC4-209BEC4D25BD}.Release|x64.ActiveCfg = Release|x64
		{2F5F0769-6189-48AA-9EC4-209BEC4D25BD}.Release|x64.Build.0 = Release|x64
		{2F5F0769-6189-48AA-9EC4-209BEC4D25BD}.Release|x86.ActiveCfg = Release|Win32
		{2F5F0769-6189-48AA-9EC4-209BEC4D25BD}.Release|x86.Build.0 = Release|Win32
		{210033F4-32A8-4CED-8D40-0509AE09F636}.Debug|x64.ActiveCfg = Debug|x64
		{210033F4-32A8-4CED-8D40-0509AE09F636}.Debug|x64.Build.0 = Debug|x64
		{210033F4-32A8-4CED-8D40-0509AE09F636}.Debug|x86.ActiveCfg = Debug|Win32
		{210033F4-32A8-4CED-8D40-0509AE09F636}.Debug|x86.Build.0 = Debug|Win32
		{210033F4-32A8-4CED-8D40-0509AE09F636}.Release|x64.ActiveCfg = Release|x64
		{210033F4-32A8-4CED-8D40-0509AE09F636}.Release|x64.Build.0 = Release|x64
		{210033F4-32A8-4CED-8D40-0509AE09F636}.Release|x86.ActiveCfg = Release|Win32
		{210033F4-32A8-4CED-8D40-0509AE09F636}.Release|x86.Build.0 = Release|Win32
		{0778AA6E-F093-4E05-8EA4-7A5857D38E3E}.Debug|x64.ActiveCfg = Debug|x64
		{0778AA6E-F093-4E05-8EA4-7A5857D38E3E}.Debug|x64.Build.0 = Debug|x64
		{0778AA6E-F093-4E05-8EA4-7A5857D38E3E}.Debug|x86.ActiveCfg = Debug|Win32
		{0778AA6E-F093-4E05-8EA4-7A5857D38E3E}.Debug|x86.Build.0 = Debug|Win32
		{0778AA6E-F093-4E05-8EA4-7A5857D38E3E}.Release|x64.ActiveCfg = Release|x64
		{0778AA6E-F093-4E05-8EA4-7A5857D38E3E}.Release|x64.Build.0 = Release|x64
		{0778AA6E-F093-4E05-8EA4-7A5857D38E3E}.Release|x86.ActiveCfg = Release|Win32
		{0778AA6E-F093-4E05-8EA4-7A5857D38E3E}.Release|x86.Build.0 = Release|Win32
		{31C29EC8-6A63-4D85-800D-52F671EDACB5}.Debug|x64.ActiveCfg = Debug|x64
		{31C29EC8-6A63-4D85-800D-52F671EDACB5}.Debug|x64.Build.0 = Debug|x64
		{31C29EC8-6A63-4D85-800D-52F671EDACB5}.Debug|x86.ActiveCfg = Debug|Win32
		{31C29EC8-6A63-4D85-800D-52F671EDACB5}.Debug|x86.Build.0 = Debug|Win32
		{31C29EC8-6A63-4D85-800D-52F671EDACB5}.Release|x64.ActiveCfg = Release|x64
		{31C29EC8-6A63-4D85-800D-52F671EDACB5}.Release|x64.Build.0 = Release|x64
		{31C29EC8-6A63-4D85-800D-52F671EDACB5}.Release|x86.ActiveCfg = Release|Win32
		{31C29EC8-6A63-4D85-800D-52F671EDACB5}.Release|x86.Build.0 = Release|Win32
	EndGlobalSection
	GlobalSection(SolutionProperties) = preSolution
		HideSolutionNode = FALSE
	EndGlobalSection
	GlobalSection(ExtensibilityGlobals) = postSolution
		SolutionGuid = {B789F320-4353-4501-AC19-8BEAA7F28E47}
	EndGlobalSection
EndGlobal
